
Microsoft Visual Studio Solution File, Format Version 12.00
# Visual Studio Version 17
VisualStudioVersion = 17.9.34728.123
MinimumVisualStudioVersion = 10.0.40219.1
Project("{FAE04EC0-301F-11D3-BF4B-00C04F79EFBC}") = "TestProject10", "TestProject10.csproj", "{C1420379-A27C-4696-BB25-6EFD6C1863B3}"
EndProject
Global
	GlobalSection(SolutionConfigurationPlatforms) = preSolution
		Debug|Any CPU = Debug|Any CPU
		Release|Any CPU = Release|Any CPU
	EndGlobalSection
	GlobalSection(ProjectConfigurationPlatforms) = postSolution
		{C1420379-A27C-4696-BB25-6EFD6C1863B3}.Debug|Any CPU.ActiveCfg = Debug|Any CPU
		{C1420379-A27C-4696-BB25-6EFD6C1863B3}.Debug|Any CPU.Build.0 = Debug|Any CPU
		{C1420379-A27C-4696-BB25-6EFD6C1863B3}.Release|Any CPU.ActiveCfg = Release|Any CPU
		{C1420379-A27C-4696-BB25-6EFD6C1863B3}.Release|Any CPU.Build.0 = Release|Any CPU
	EndGlobalSection
	GlobalSection(SolutionProperties) = preSolution
		HideSolutionNode = FALSE
	EndGlobalSection
	GlobalSection(ExtensibilityGlobals) = postSolution
		SolutionGuid = {A2D6AA78-2F79-43E4-8089-2DA9F233B042}
	EndGlobalSection
EndGlobal
