
Microsoft Visual Studio Solution File, Format Version 12.00
# Visual Studio Version 17
VisualStudioVersion = 17.9.34728.123
MinimumVisualStudioVersion = 10.0.40219.1
Project("{FAE04EC0-301F-11D3-BF4B-00C04F79EFBC}") = "OnlineShoePortal", "OnlineShoePortal.csproj", "{A68D50C4-A7AD-474F-98D0-000DD000111A}"
EndProject
Global
	GlobalSection(SolutionConfigurationPlatforms) = preSolution
		Debug|Any CPU = Debug|Any CPU
		Release|Any CPU = Release|Any CPU
	EndGlobalSection
	GlobalSection(ProjectConfigurationPlatforms) = postSolution
		{A68D50C4-A7AD-474F-98D0-000DD000111A}.Debug|Any CPU.ActiveCfg = Debug|Any CPU
		{A68D50C4-A7AD-474F-98D0-000DD000111A}.Debug|Any CPU.Build.0 = Debug|Any CPU
		{A68D50C4-A7AD-474F-98D0-000DD000111A}.Release|Any CPU.ActiveCfg = Release|Any CPU
		{A68D50C4-A7AD-474F-98D0-000DD000111A}.Release|Any CPU.Build.0 = Release|Any CPU
	EndGlobalSection
	GlobalSection(SolutionProperties) = preSolution
		HideSolutionNode = FALSE
	EndGlobalSection
	GlobalSection(ExtensibilityGlobals) = postSolution
		SolutionGuid = {B7CD19C8-10AF-43DD-8BBF-FBE1BF8DF154}
	EndGlobalSection
EndGlobal
