
Microsoft Visual Studio Solution File, Format Version 12.00
# Visual Studio Version 17
VisualStudioVersion = 17.9.34728.123
MinimumVisualStudioVersion = 10.0.40219.1
Project("{FAE04EC0-301F-11D3-BF4B-00C04F79EFBC}") = "OnlineShoePortal3", "OnlineShoePortal3.csproj", "{65DB10A9-53C7-47DD-BC35-FBF000997A6C}"
EndProject
Global
	GlobalSection(SolutionConfigurationPlatforms) = preSolution
		Debug|Any CPU = Debug|Any CPU
		Release|Any CPU = Release|Any CPU
	EndGlobalSection
	GlobalSection(ProjectConfigurationPlatforms) = postSolution
		{65DB10A9-53C7-47DD-BC35-FBF000997A6C}.Debug|Any CPU.ActiveCfg = Debug|Any CPU
		{65DB10A9-53C7-47DD-BC35-FBF000997A6C}.Debug|Any CPU.Build.0 = Debug|Any CPU
		{65DB10A9-53C7-47DD-BC35-FBF000997A6C}.Release|Any CPU.ActiveCfg = Release|Any CPU
		{65DB10A9-53C7-47DD-BC35-FBF000997A6C}.Release|Any CPU.Build.0 = Release|Any CPU
	EndGlobalSection
	GlobalSection(SolutionProperties) = preSolution
		HideSolutionNode = FALSE
	EndGlobalSection
	GlobalSection(ExtensibilityGlobals) = postSolution
		SolutionGuid = {F2FC7BCE-0E17-4C8E-8BC8-051A08678A16}
	EndGlobalSection
EndGlobal
